
Microsoft Visual Studio Solution File, Format Version 12.00
# Visual Studio Version 16
VisualStudioVersion = 25.0.1700.7
MinimumVisualStudioVersion = 10.0.40219.1
Project("{FAE04EC0-301F-11D3-BF4B-00C04F79EFBC}") = "InterfacesProject", "InterfacesProject\InterfacesProject.csproj", "{A0B68E95-FFA2-41ED-A9CF-F18912CB655D}"
EndProject
Global
	GlobalSection(SolutionConfigurationPlatforms) = preSolution
		Debug|Any CPU = Debug|Any CPU
		Release|Any CPU = Release|Any CPU
	EndGlobalSection
	GlobalSection(ProjectConfigurationPlatforms) = postSolution
		{A0B68E95-FFA2-41ED-A9CF-F18912CB655D}.Debug|Any CPU.ActiveCfg = Debug|Any CPU
		{A0B68E95-FFA2-41ED-A9CF-F18912CB655D}.Debug|Any CPU.Build.0 = Debug|Any CPU
		{A0B68E95-FFA2-41ED-A9CF-F18912CB655D}.Release|Any CPU.ActiveCfg = Release|Any CPU
		{A0B68E95-FFA2-41ED-A9CF-F18912CB655D}.Release|Any CPU.Build.0 = Release|Any CPU
	EndGlobalSection
	GlobalSection(SolutionProperties) = preSolution
		HideSolutionNode = FALSE
	EndGlobalSection
	GlobalSection(ExtensibilityGlobals) = postSolution
		SolutionGuid = {A13BC059-AF81-4D0C-8C23-84B3F46523FC}
	EndGlobalSection
EndGlobal
